Microsoft Visual Studio Solution File, Format Version 12.00
# Visual Studio Version 17
VisualStudioVersion = 17.8.0.0
MinimumVisualStudioVersion = 17.8.0.0
Project("{9A19103F-16F7-4668-BE54-9A1E7A4F7556}") = "PLUG.ONPA.AppHost", "PLUG.ONPA.AppHost\PLUG.ONPA.AppHost.csproj", "{7C66F17A-42A1-4E75-BB84-AC82FB2EB08F}"
EndProject
Project("{9A19103F-16F7-4668-BE54-9A1E7A4F7556}") = "PLUG.ONPA.ServiceDefaults", "PLUG.ONPA.ServiceDefaults\PLUG.ONPA.ServiceDefaults.csproj", "{F687DD07-5476-4E89-B1D4-BF7062D612B6}"
EndProject
Project("{54A90642-561A-4BB1-A94E-469ADEE60C69}") = "PLUG.ONPA.UI", "PLUG.ONPA.UI\PLUG.ONPA.UI.esproj", "{AD7A5101-D722-4941-9647-29F587F157EC}"
EndProject
Project("{2150E333-8FDC-42A3-9474-1A3956D46DE8}") = "Shared", "Shared", "{8BAD2380-AEDD-4560-98A3-C9C78D6A89D2}"
EndProject
Project("{FAE04EC0-301F-11D3-BF4B-00C04F79EFBC}") = "PLUG.ONPA.Common.Domain", "shared\PLUG.ONPA.Common.Domain\PLUG.ONPA.Common.Domain.csproj", "{BAF26B18-B8F9-4A67-866F-418A43B509E7}"
EndProject
Project("{FAE04EC0-301F-11D3-BF4B-00C04F79EFBC}") = "PLUG.ONPA.Common.Application", "shared\PLUG.ONPA.Common.Application\PLUG.ONPA.Common.Application.csproj", "{A46616A9-D266-4314-84FB-CA5459D04625}"
EndProject
Project("{2150E333-8FDC-42A3-9474-1A3956D46DE8}") = "Services", "Services", "{7AA344EA-4AEA-42F6-9EA6-195502E2D2B0}"
EndProject
Project("{FAE04EC0-301F-11D3-BF4B-00C04F79EFBC}") = "PLUG.ONPA.Common.Infrastructure", "shared\PLUG.ONPA.Common.Infrastructure\PLUG.ONPA.Common.Infrastructure.csproj", "{F68FC0C1-327C-49B4-9ACB-544BFD5D2BB3}"
EndProject
Project("{2150E333-8FDC-42A3-9474-1A3956D46DE8}") = "Apply", "Apply", "{7D6AF5EA-CBBD-4B85-9B28-C75AE147C40E}"
EndProject
Project("{FAE04EC0-301F-11D3-BF4B-00C04F79EFBC}") = "PLUG.ONPA.Apply.Domain", "Services\Apply\PLUG.ONPA.Apply.Domain\PLUG.ONPA.Apply.Domain.csproj", "{AC5E0ACA-E6B3-4633-AFAC-C35FDAFC47F3}"
EndProject
Project("{FAE04EC0-301F-11D3-BF4B-00C04F79EFBC}") = "PLUG.ONPA.Apply.Read", "Services\Apply\PLUG.ONPA.Apply.Read\PLUG.ONPA.Apply.Read.csproj", "{FA9A5054-A29C-445D-A24D-D91009C2E039}"
EndProject
Project("{FAE04EC0-301F-11D3-BF4B-00C04F79EFBC}") = "PLUG.ONPA.Common.Models", "shared\PLUG.ONPA.Common.Models\PLUG.ONPA.Common.Models.csproj", "{212A72B8-1810-4369-A3FA-4E083589C9FE}"
EndProject
Project("{2150E333-8FDC-42A3-9474-1A3956D46DE8}") = "Tests", "Tests", "{F5D4AE4A-5C67-47AE-8346-9FE62F055025}"
EndProject
Project("{FAE04EC0-301F-11D3-BF4B-00C04F79EFBC}") = "PLUG.ONPA.Apply.UnitTests", "Tests\PLUG.ONPA.Apply.UnitTests\PLUG.ONPA.Apply.UnitTests.csproj", "{34AD7576-2887-4B3B-B427-56936525ADB9}"
EndProject
Project("{FAE04EC0-301F-11D3-BF4B-00C04F79EFBC}") = "PLUG.ONPA.Apply.Api", "Services\Apply\PLUG.ONPA.Apply.Api\PLUG.ONPA.Apply.Api.csproj", "{EC270FA9-95A9-4F49-BE42-CF3C5F8F7C18}"
EndProject
Global
	GlobalSection(SolutionConfigurationPlatforms) = preSolution
		Debug|Any CPU = Debug|Any CPU
		Release|Any CPU = Release|Any CPU
	EndGlobalSection
	GlobalSection(ProjectConfigurationPlatforms) = postSolution
		{7C66F17A-42A1-4E75-BB84-AC82FB2EB08F}.Debug|Any CPU.ActiveCfg = Debug|Any CPU
		{7C66F17A-42A1-4E75-BB84-AC82FB2EB08F}.Debug|Any CPU.Build.0 = Debug|Any CPU
		{7C66F17A-42A1-4E75-BB84-AC82FB2EB08F}.Release|Any CPU.ActiveCfg = Release|Any CPU
		{7C66F17A-42A1-4E75-BB84-AC82FB2EB08F}.Release|Any CPU.Build.0 = Release|Any CPU
		{F687DD07-5476-4E89-B1D4-BF7062D612B6}.Debug|Any CPU.ActiveCfg = Debug|Any CPU
		{F687DD07-5476-4E89-B1D4-BF7062D612B6}.Debug|Any CPU.Build.0 = Debug|Any CPU
		{F687DD07-5476-4E89-B1D4-BF7062D612B6}.Release|Any CPU.ActiveCfg = Release|Any CPU
		{F687DD07-5476-4E89-B1D4-BF7062D612B6}.Release|Any CPU.Build.0 = Release|Any CPU
		{AD7A5101-D722-4941-9647-29F587F157EC}.Debug|Any CPU.ActiveCfg = Debug|Any CPU
		{AD7A5101-D722-4941-9647-29F587F157EC}.Debug|Any CPU.Build.0 = Debug|Any CPU
		{AD7A5101-D722-4941-9647-29F587F157EC}.Debug|Any CPU.Deploy.0 = Debug|Any CPU
		{AD7A5101-D722-4941-9647-29F587F157EC}.Release|Any CPU.ActiveCfg = Release|Any CPU
		{AD7A5101-D722-4941-9647-29F587F157EC}.Release|Any CPU.Build.0 = Release|Any CPU
		{AD7A5101-D722-4941-9647-29F587F157EC}.Release|Any CPU.Deploy.0 = Release|Any CPU
		{BAF26B18-B8F9-4A67-866F-418A43B509E7}.Debug|Any CPU.ActiveCfg = Debug|Any CPU
		{BAF26B18-B8F9-4A67-866F-418A43B509E7}.Debug|Any CPU.Build.0 = Debug|Any CPU
		{BAF26B18-B8F9-4A67-866F-418A43B509E7}.Release|Any CPU.ActiveCfg = Release|Any CPU
		{BAF26B18-B8F9-4A67-866F-418A43B509E7}.Release|Any CPU.Build.0 = Release|Any CPU
		{A46616A9-D266-4314-84FB-CA5459D04625}.Debug|Any CPU.ActiveCfg = Debug|Any CPU
		{A46616A9-D266-4314-84FB-CA5459D04625}.Debug|Any CPU.Build.0 = Debug|Any CPU
		{A46616A9-D266-4314-84FB-CA5459D04625}.Release|Any CPU.ActiveCfg = Release|Any CPU
		{A46616A9-D266-4314-84FB-CA5459D04625}.Release|Any CPU.Build.0 = Release|Any CPU
		{F68FC0C1-327C-49B4-9ACB-544BFD5D2BB3}.Debug|Any CPU.ActiveCfg = Debug|Any CPU
		{F68FC0C1-327C-49B4-9ACB-544BFD5D2BB3}.Debug|Any CPU.Build.0 = Debug|Any CPU
		{F68FC0C1-327C-49B4-9ACB-544BFD5D2BB3}.Release|Any CPU.ActiveCfg = Release|Any CPU
		{F68FC0C1-327C-49B4-9ACB-544BFD5D2BB3}.Release|Any CPU.Build.0 = Release|Any CPU
		{AC5E0ACA-E6B3-4633-AFAC-C35FDAFC47F3}.Debug|Any CPU.ActiveCfg = Debug|Any CPU
		{AC5E0ACA-E6B3-4633-AFAC-C35FDAFC47F3}.Debug|Any CPU.Build.0 = Debug|Any CPU
		{AC5E0ACA-E6B3-4633-AFAC-C35FDAFC47F3}.Release|Any CPU.ActiveCfg = Release|Any CPU
		{AC5E0ACA-E6B3-4633-AFAC-C35FDAFC47F3}.Release|Any CPU.Build.0 = Release|Any CPU
		{FA9A5054-A29C-445D-A24D-D91009C2E039}.Debug|Any CPU.ActiveCfg = Debug|Any CPU
		{FA9A5054-A29C-445D-A24D-D91009C2E039}.Debug|Any CPU.Build.0 = Debug|Any CPU
		{FA9A5054-A29C-445D-A24D-D91009C2E039}.Release|Any CPU.ActiveCfg = Release|Any CPU
		{FA9A5054-A29C-445D-A24D-D91009C2E039}.Release|Any CPU.Build.0 = Release|Any CPU
		{212A72B8-1810-4369-A3FA-4E083589C9FE}.Debug|Any CPU.ActiveCfg = Debug|Any CPU
		{212A72B8-1810-4369-A3FA-4E083589C9FE}.Debug|Any CPU.Build.0 = Debug|Any CPU
		{212A72B8-1810-4369-A3FA-4E083589C9FE}.Release|Any CPU.ActiveCfg = Release|Any CPU
		{212A72B8-1810-4369-A3FA-4E083589C9FE}.Release|Any CPU.Build.0 = Release|Any CPU
		{34AD7576-2887-4B3B-B427-56936525ADB9}.Debug|Any CPU.ActiveCfg = Debug|Any CPU
		{34AD7576-2887-4B3B-B427-56936525ADB9}.Debug|Any CPU.Build.0 = Debug|Any CPU
		{34AD7576-2887-4B3B-B427-56936525ADB9}.Release|Any CPU.ActiveCfg = Release|Any CPU
		{34AD7576-2887-4B3B-B427-56936525ADB9}.Release|Any CPU.Build.0 = Release|Any CPU
		{EC270FA9-95A9-4F49-BE42-CF3C5F8F7C18}.Debug|Any CPU.ActiveCfg = Debug|Any CPU
		{EC270FA9-95A9-4F49-BE42-CF3C5F8F7C18}.Debug|Any CPU.Build.0 = Debug|Any CPU
		{EC270FA9-95A9-4F49-BE42-CF3C5F8F7C18}.Release|Any CPU.ActiveCfg = Release|Any CPU
		{EC270FA9-95A9-4F49-BE42-CF3C5F8F7C18}.Release|Any CPU.Build.0 = Release|Any CPU
	EndGlobalSection
	GlobalSection(SolutionProperties) = preSolution
		HideSolutionNode = FALSE
	EndGlobalSection
	GlobalSection(ExtensibilityGlobals) = postSolution
		SolutionGuid = {335B3ED1-F3D3-4C70-AADA-1B32464127E8}
	EndGlobalSection
	GlobalSection(NestedProjects) = preSolution
		{BAF26B18-B8F9-4A67-866F-418A43B509E7} = {8BAD2380-AEDD-4560-98A3-C9C78D6A89D2}
		{A46616A9-D266-4314-84FB-CA5459D04625} = {8BAD2380-AEDD-4560-98A3-C9C78D6A89D2}
		{F68FC0C1-327C-49B4-9ACB-544BFD5D2BB3} = {8BAD2380-AEDD-4560-98A3-C9C78D6A89D2}
		{7D6AF5EA-CBBD-4B85-9B28-C75AE147C40E} = {7AA344EA-4AEA-42F6-9EA6-195502E2D2B0}
		{AC5E0ACA-E6B3-4633-AFAC-C35FDAFC47F3} = {7D6AF5EA-CBBD-4B85-9B28-C75AE147C40E}
		{FA9A5054-A29C-445D-A24D-D91009C2E039} = {7D6AF5EA-CBBD-4B85-9B28-C75AE147C40E}
		{212A72B8-1810-4369-A3FA-4E083589C9FE} = {8BAD2380-AEDD-4560-98A3-C9C78D6A89D2}
		{34AD7576-2887-4B3B-B427-56936525ADB9} = {F5D4AE4A-5C67-47AE-8346-9FE62F055025}
		{EC270FA9-95A9-4F49-BE42-CF3C5F8F7C18} = {7D6AF5EA-CBBD-4B85-9B28-C75AE147C40E}
	EndGlobalSection
EndGlobal
